
Microsoft Visual Studio Solution File, Format Version 12.00
# Visual Studio Version 17
VisualStudioVersion = 17.8.34309.116
MinimumVisualStudioVersion = 10.0.40219.1
Project("{FAE04EC0-301F-11D3-BF4B-00C04F79EFBC}") = "MotzArt.NullChecks", "MotzArt.NullChecks\MotzArt.NullChecks.csproj", "{F8969ABD-9C79-45EE-9289-D32F745AD72B}"
EndProject
Project("{FAE04EC0-301F-11D3-BF4B-00C04F79EFBC}") = "MotzArt.NullChecks.Tests", "MotzArt.NullChecks.Tests\MotzArt.NullChecks.Tests.csproj", "{BD64AA5A-937E-425A-AB21-2C61BDA127B6}"
EndProject
Global
	GlobalSection(SolutionConfigurationPlatforms) = preSolution
		Debug|Any CPU = Debug|Any CPU
		Release|Any CPU = Release|Any CPU
	EndGlobalSection
	GlobalSection(ProjectConfigurationPlatforms) = postSolution
		{F8969ABD-9C79-45EE-9289-D32F745AD72B}.Debug|Any CPU.ActiveCfg = Debug|Any CPU
		{F8969ABD-9C79-45EE-9289-D32F745AD72B}.Debug|Any CPU.Build.0 = Debug|Any CPU
		{F8969ABD-9C79-45EE-9289-D32F745AD72B}.Release|Any CPU.ActiveCfg = Release|Any CPU
		{F8969ABD-9C79-45EE-9289-D32F745AD72B}.Release|Any CPU.Build.0 = Release|Any CPU
		{BD64AA5A-937E-425A-AB21-2C61BDA127B6}.Debug|Any CPU.ActiveCfg = Debug|Any CPU
		{BD64AA5A-937E-425A-AB21-2C61BDA127B6}.Debug|Any CPU.Build.0 = Debug|Any CPU
		{BD64AA5A-937E-425A-AB21-2C61BDA127B6}.Release|Any CPU.ActiveCfg = Release|Any CPU
		{BD64AA5A-937E-425A-AB21-2C61BDA127B6}.Release|Any CPU.Build.0 = Release|Any CPU
	EndGlobalSection
	GlobalSection(SolutionProperties) = preSolution
		HideSolutionNode = FALSE
	EndGlobalSection
	GlobalSection(ExtensibilityGlobals) = postSolution
		SolutionGuid = {A8A8E12F-C62A-4C20-ADE3-B08109EA26C6}
	EndGlobalSection
EndGlobal
